
Microsoft Visual Studio Solution File, Format Version 12.00
# Visual Studio Version 16
VisualStudioVersion = 16.0.32413.511
MinimumVisualStudioVersion = 10.0.40219.1
Project("{FAE04EC0-301F-11D3-BF4B-00C04F79EFBC}") = "Atelier2", "Atelier2\Atelier2.csproj", "{CE5D75C2-6462-4FB4-9EDA-A908921F8B2D}"
EndProject
Global
	GlobalSection(SolutionConfigurationPlatforms) = preSolution
		Debug|Any CPU = Debug|Any CPU
		Release|Any CPU = Release|Any CPU
	EndGlobalSection
	GlobalSection(ProjectConfigurationPlatforms) = postSolution
		{CE5D75C2-6462-4FB4-9EDA-A908921F8B2D}.Debug|Any CPU.ActiveCfg = Debug|Any CPU
		{CE5D75C2-6462-4FB4-9EDA-A908921F8B2D}.Debug|Any CPU.Build.0 = Debug|Any CPU
		{CE5D75C2-6462-4FB4-9EDA-A908921F8B2D}.Release|Any CPU.ActiveCfg = Release|Any CPU
		{CE5D75C2-6462-4FB4-9EDA-A908921F8B2D}.Release|Any CPU.Build.0 = Release|Any CPU
	EndGlobalSection
	GlobalSection(SolutionProperties) = preSolution
		HideSolutionNode = FALSE
	EndGlobalSection
	GlobalSection(ExtensibilityGlobals) = postSolution
		SolutionGuid = {64A0507E-8D6F-4794-A04D-B87FE9706016}
	EndGlobalSection
EndGlobal
